
Microsoft Visual Studio Solution File, Format Version 12.00
# Visual Studio 14
VisualStudioVersion = 14.0.25420.1
MinimumVisualStudioVersion = 10.0.40219.1
Project("{2150E333-8FDC-42A3-9474-1A3956D46DE8}") = "Test", "Test", "{38BA231A-1740-4155-A805-C8F54CBE92B0}"
EndProject
Project("{FAE04EC0-301F-11D3-BF4B-00C04F79EFBC}") = "MabService", "MabService\MabService.csproj", "{002C2F6E-BF76-4038-9BA6-85009DE24927}"
EndProject
Project("{FAE04EC0-301F-11D3-BF4B-00C04F79EFBC}") = "MabServiceTest", "MabServiceTest\MabServiceTest.csproj", "{6615A29B-3592-4734-977B-B6A975BA5945}"
EndProject
Project("{33AD0EE8-D99B-4E14-8CD9-3F56ABEF97A2}") = "MabServiceAzureFunctions", "MabServiceAzureFunctions\MabServiceAzureFunctions.funproj", "{289BE27D-8D69-4D3C-AC84-CCD631622B41}"
EndProject
Project("{FAE04EC0-301F-11D3-BF4B-00C04F79EFBC}") = "MabService.Data", "MabService.Data\MabService.Data.csproj", "{97B23E77-D9B1-4FC4-B78E-DFE966F75626}"
EndProject
Project("{FAE04EC0-301F-11D3-BF4B-00C04F79EFBC}") = "MabService.Shared", "MabService.Shared\MabService.Shared.csproj", "{F5CE3031-27D2-4CFF-86FB-A03088766501}"
EndProject
Project("{FAE04EC0-301F-11D3-BF4B-00C04F79EFBC}") = "MabService.FunctionsHelper", "MabService.FunctionsHelper\MabService.FunctionsHelper.csproj", "{4B2550C6-708F-46F4-A855-5D3634D11CD9}"
EndProject
Global
	GlobalSection(SolutionConfigurationPlatforms) = preSolution
		Debug|Any CPU = Debug|Any CPU
		Debug|ARM = Debug|ARM
		Debug|x64 = Debug|x64
		Debug|x86 = Debug|x86
		Release|Any CPU = Release|Any CPU
		Release|ARM = Release|ARM
		Release|x64 = Release|x64
		Release|x86 = Release|x86
	EndGlobalSection
	GlobalSection(ProjectConfigurationPlatforms) = postSolution
		{002C2F6E-BF76-4038-9BA6-85009DE24927}.Debug|Any CPU.ActiveCfg = Debug|Any CPU
		{002C2F6E-BF76-4038-9BA6-85009DE24927}.Debug|Any CPU.Build.0 = Debug|Any CPU
		{002C2F6E-BF76-4038-9BA6-85009DE24927}.Debug|ARM.ActiveCfg = Debug|Any CPU
		{002C2F6E-BF76-4038-9BA6-85009DE24927}.Debug|ARM.Build.0 = Debug|Any CPU
		{002C2F6E-BF76-4038-9BA6-85009DE24927}.Debug|x64.ActiveCfg = Debug|Any CPU
		{002C2F6E-BF76-4038-9BA6-85009DE24927}.Debug|x64.Build.0 = Debug|Any CPU
		{002C2F6E-BF76-4038-9BA6-85009DE24927}.Debug|x86.ActiveCfg = Debug|Any CPU
		{002C2F6E-BF76-4038-9BA6-85009DE24927}.Debug|x86.Build.0 = Debug|Any CPU
		{002C2F6E-BF76-4038-9BA6-85009DE24927}.Release|Any CPU.ActiveCfg = Release|Any CPU
		{002C2F6E-BF76-4038-9BA6-85009DE24927}.Release|Any CPU.Build.0 = Release|Any CPU
		{002C2F6E-BF76-4038-9BA6-85009DE24927}.Release|ARM.ActiveCfg = Release|Any CPU
		{002C2F6E-BF76-4038-9BA6-85009DE24927}.Release|ARM.Build.0 = Release|Any CPU
		{002C2F6E-BF76-4038-9BA6-85009DE24927}.Release|x64.ActiveCfg = Release|Any CPU
		{002C2F6E-BF76-4038-9BA6-85009DE24927}.Release|x64.Build.0 = Release|Any CPU
		{002C2F6E-BF76-4038-9BA6-85009DE24927}.Release|x86.ActiveCfg = Release|Any CPU
		{002C2F6E-BF76-4038-9BA6-85009DE24927}.Release|x86.Build.0 = Release|Any CPU
		{6615A29B-3592-4734-977B-B6A975BA5945}.Debug|Any CPU.ActiveCfg = Debug|Any CPU
		{6615A29B-3592-4734-977B-B6A975BA5945}.Debug|Any CPU.Build.0 = Debug|Any CPU
		{6615A29B-3592-4734-977B-B6A975BA5945}.Debug|ARM.ActiveCfg = Debug|Any CPU
		{6615A29B-3592-4734-977B-B6A975BA5945}.Debug|ARM.Build.0 = Debug|Any CPU
		{6615A29B-3592-4734-977B-B6A975BA5945}.Debug|x64.ActiveCfg = Debug|Any CPU
		{6615A29B-3592-4734-977B-B6A975BA5945}.Debug|x64.Build.0 = Debug|Any CPU
		{6615A29B-3592-4734-977B-B6A975BA5945}.Debug|x86.ActiveCfg = Debug|Any CPU
		{6615A29B-3592-4734-977B-B6A975BA5945}.Debug|x86.Build.0 = Debug|Any CPU
		{6615A29B-3592-4734-977B-B6A975BA5945}.Release|Any CPU.ActiveCfg = Release|Any CPU
		{6615A29B-3592-4734-977B-B6A975BA5945}.Release|Any CPU.Build.0 = Release|Any CPU
		{6615A29B-3592-4734-977B-B6A975BA5945}.Release|ARM.ActiveCfg = Release|Any CPU
		{6615A29B-3592-4734-977B-B6A975BA5945}.Release|ARM.Build.0 = Release|Any CPU
		{6615A29B-3592-4734-977B-B6A975BA5945}.Release|x64.ActiveCfg = Release|Any CPU
		{6615A29B-3592-4734-977B-B6A975BA5945}.Release|x64.Build.0 = Release|Any CPU
		{6615A29B-3592-4734-977B-B6A975BA5945}.Release|x86.ActiveCfg = Release|Any CPU
		{6615A29B-3592-4734-977B-B6A975BA5945}.Release|x86.Build.0 = Release|Any CPU
		{289BE27D-8D69-4D3C-AC84-CCD631622B41}.Debug|Any CPU.ActiveCfg = Debug|Any CPU
		{289BE27D-8D69-4D3C-AC84-CCD631622B41}.Debug|ARM.ActiveCfg = Debug|Any CPU
		{289BE27D-8D69-4D3C-AC84-CCD631622B41}.Debug|ARM.Build.0 = Debug|Any CPU
		{289BE27D-8D69-4D3C-AC84-CCD631622B41}.Debug|x64.ActiveCfg = Debug|Any CPU
		{289BE27D-8D69-4D3C-AC84-CCD631622B41}.Debug|x86.ActiveCfg = Debug|Any CPU
		{289BE27D-8D69-4D3C-AC84-CCD631622B41}.Release|Any CPU.ActiveCfg = Release|Any CPU
		{289BE27D-8D69-4D3C-AC84-CCD631622B41}.Release|ARM.ActiveCfg = Release|Any CPU
		{289BE27D-8D69-4D3C-AC84-CCD631622B41}.Release|ARM.Build.0 = Release|Any CPU
		{289BE27D-8D69-4D3C-AC84-CCD631622B41}.Release|x64.ActiveCfg = Release|Any CPU
		{289BE27D-8D69-4D3C-AC84-CCD631622B41}.Release|x86.ActiveCfg = Release|Any CPU
		{97B23E77-D9B1-4FC4-B78E-DFE966F75626}.Debug|Any CPU.ActiveCfg = Debug|Any CPU
		{97B23E77-D9B1-4FC4-B78E-DFE966F75626}.Debug|Any CPU.Build.0 = Debug|Any CPU
		{97B23E77-D9B1-4FC4-B78E-DFE966F75626}.Debug|ARM.ActiveCfg = Debug|Any CPU
		{97B23E77-D9B1-4FC4-B78E-DFE966F75626}.Debug|ARM.Build.0 = Debug|Any CPU
		{97B23E77-D9B1-4FC4-B78E-DFE966F75626}.Debug|x64.ActiveCfg = Debug|Any CPU
		{97B23E77-D9B1-4FC4-B78E-DFE966F75626}.Debug|x64.Build.0 = Debug|Any CPU
		{97B23E77-D9B1-4FC4-B78E-DFE966F75626}.Debug|x86.ActiveCfg = Debug|Any CPU
		{97B23E77-D9B1-4FC4-B78E-DFE966F75626}.Debug|x86.Build.0 = Debug|Any CPU
		{97B23E77-D9B1-4FC4-B78E-DFE966F75626}.Release|Any CPU.ActiveCfg = Release|Any CPU
		{97B23E77-D9B1-4FC4-B78E-DFE966F75626}.Release|Any CPU.Build.0 = Release|Any CPU
		{97B23E77-D9B1-4FC4-B78E-DFE966F75626}.Release|ARM.ActiveCfg = Release|Any CPU
		{97B23E77-D9B1-4FC4-B78E-DFE966F75626}.Release|ARM.Build.0 = Release|Any CPU
		{97B23E77-D9B1-4FC4-B78E-DFE966F75626}.Release|x64.ActiveCfg = Release|Any CPU
		{97B23E77-D9B1-4FC4-B78E-DFE966F75626}.Release|x64.Build.0 = Release|Any CPU
		{97B23E77-D9B1-4FC4-B78E-DFE966F75626}.Release|x86.ActiveCfg = Release|Any CPU
		{97B23E77-D9B1-4FC4-B78E-DFE966F75626}.Release|x86.Build.0 = Release|Any CPU
		{F5CE3031-27D2-4CFF-86FB-A03088766501}.Debug|Any CPU.ActiveCfg = Debug|Any CPU
		{F5CE3031-27D2-4CFF-86FB-A03088766501}.Debug|Any CPU.Build.0 = Debug|Any CPU
		{F5CE3031-27D2-4CFF-86FB-A03088766501}.Debug|ARM.ActiveCfg = Debug|Any CPU
		{F5CE3031-27D2-4CFF-86FB-A03088766501}.Debug|ARM.Build.0 = Debug|Any CPU
		{F5CE3031-27D2-4CFF-86FB-A03088766501}.Debug|x64.ActiveCfg = Debug|Any CPU
		{F5CE3031-27D2-4CFF-86FB-A03088766501}.Debug|x64.Build.0 = Debug|Any CPU
		{F5CE3031-27D2-4CFF-86FB-A03088766501}.Debug|x86.ActiveCfg = Debug|Any CPU
		{F5CE3031-27D2-4CFF-86FB-A03088766501}.Debug|x86.Build.0 = Debug|Any CPU
		{F5CE3031-27D2-4CFF-86FB-A03088766501}.Release|Any CPU.ActiveCfg = Release|Any CPU
		{F5CE3031-27D2-4CFF-86FB-A03088766501}.Release|Any CPU.Build.0 = Release|Any CPU
		{F5CE3031-27D2-4CFF-86FB-A03088766501}.Release|ARM.ActiveCfg = Release|Any CPU
		{F5CE3031-27D2-4CFF-86FB-A03088766501}.Release|ARM.Build.0 = Release|Any CPU
		{F5CE3031-27D2-4CFF-86FB-A03088766501}.Release|x64.ActiveCfg = Release|Any CPU
		{F5CE3031-27D2-4CFF-86FB-A03088766501}.Release|x64.Build.0 = Release|Any CPU
		{F5CE3031-27D2-4CFF-86FB-A03088766501}.Release|x86.ActiveCfg = Release|Any CPU
		{F5CE3031-27D2-4CFF-86FB-A03088766501}.Release|x86.Build.0 = Release|Any CPU
		{4B2550C6-708F-46F4-A855-5D3634D11CD9}.Debug|Any CPU.ActiveCfg = Debug|Any CPU
		{4B2550C6-708F-46F4-A855-5D3634D11CD9}.Debug|Any CPU.Build.0 = Debug|Any CPU
		{4B2550C6-708F-46F4-A855-5D3634D11CD9}.Debug|ARM.ActiveCfg = Debug|Any CPU
		{4B2550C6-708F-46F4-A855-5D3634D11CD9}.Debug|ARM.Build.0 = Debug|Any CPU
		{4B2550C6-708F-46F4-A855-5D3634D11CD9}.Debug|x64.ActiveCfg = Debug|Any CPU
		{4B2550C6-708F-46F4-A855-5D3634D11CD9}.Debug|x64.Build.0 = Debug|Any CPU
		{4B2550C6-708F-46F4-A855-5D3634D11CD9}.Debug|x86.ActiveCfg = Debug|Any CPU
		{4B2550C6-708F-46F4-A855-5D3634D11CD9}.Debug|x86.Build.0 = Debug|Any CPU
		{4B2550C6-708F-46F4-A855-5D3634D11CD9}.Release|Any CPU.ActiveCfg = Release|Any CPU
		{4B2550C6-708F-46F4-A855-5D3634D11CD9}.Release|Any CPU.Build.0 = Release|Any CPU
		{4B2550C6-708F-46F4-A855-5D3634D11CD9}.Release|ARM.ActiveCfg = Release|Any CPU
		{4B2550C6-708F-46F4-A855-5D3634D11CD9}.Release|ARM.Build.0 = Release|Any CPU
		{4B2550C6-708F-46F4-A855-5D3634D11CD9}.Release|x64.ActiveCfg = Release|Any CPU
		{4B2550C6-708F-46F4-A855-5D3634D11CD9}.Release|x64.Build.0 = Release|Any CPU
		{4B2550C6-708F-46F4-A855-5D3634D11CD9}.Release|x86.ActiveCfg = Release|Any CPU
		{4B2550C6-708F-46F4-A855-5D3634D11CD9}.Release|x86.Build.0 = Release|Any CPU
	EndGlobalSection
	GlobalSection(SolutionProperties) = preSolution
		HideSolutionNode = FALSE
	EndGlobalSection
	GlobalSection(NestedProjects) = preSolution
		{6615A29B-3592-4734-977B-B6A975BA5945} = {38BA231A-1740-4155-A805-C8F54CBE92B0}
	EndGlobalSection
EndGlobal
