
Microsoft Visual Studio Solution File, Format Version 12.00
# Visual Studio 15
VisualStudioVersion = 15.0.26228.4
MinimumVisualStudioVersion = 10.0.40219.1
Project("{2150E333-8FDC-42A3-9474-1A3956D46DE8}") = "Test", "Test", "{38BA231A-1740-4155-A805-C8F54CBE92B0}"
EndProject
Project("{FAE04EC0-301F-11D3-BF4B-00C04F79EFBC}") = "MabService", "MabService\MabService.csproj", "{002C2F6E-BF76-4038-9BA6-85009DE24927}"
EndProject
Project("{FAE04EC0-301F-11D3-BF4B-00C04F79EFBC}") = "MabService.Data", "MabService.Data\MabService.Data.csproj", "{97B23E77-D9B1-4FC4-B78E-DFE966F75626}"
EndProject
Project("{FAE04EC0-301F-11D3-BF4B-00C04F79EFBC}") = "MabService.Shared", "MabService.Shared\MabService.Shared.csproj", "{F5CE3031-27D2-4CFF-86FB-A03088766501}"
EndProject
Project("{FAE04EC0-301F-11D3-BF4B-00C04F79EFBC}") = "MabService.FunctionsHelper", "MabService.FunctionsHelper\MabService.FunctionsHelper.csproj", "{4B2550C6-708F-46F4-A855-5D3634D11CD9}"
EndProject
Project("{FAE04EC0-301F-11D3-BF4B-00C04F79EFBC}") = "MabServiceTest", "Test\MabServiceTest\MabServiceTest.csproj", "{6615A29B-3592-4734-977B-B6A975BA5945}"
EndProject
Project("{2150E333-8FDC-42A3-9474-1A3956D46DE8}") = "AzureFunctions", "AzureFunctions", "{76CF9621-D3F7-40A4-AE96-7C22B3C0DDF2}"
	ProjectSection(SolutionItems) = preProject
		appsettings.json = appsettings.json
		common.csx = common.csx
		host.json = host.json
	EndProjectSection
EndProject
Project("{2150E333-8FDC-42A3-9474-1A3956D46DE8}") = "CreateMockApiCollectionFunction", "CreateMockApiCollectionFunction", "{92428E82-FE08-4AA4-BEDB-23AFB07C94ED}"
	ProjectSection(SolutionItems) = preProject
		CreateMockApiCollectionFunction\function.json = CreateMockApiCollectionFunction\function.json
		CreateMockApiCollectionFunction\project.json = CreateMockApiCollectionFunction\project.json
		CreateMockApiCollectionFunction\run.csx = CreateMockApiCollectionFunction\run.csx
	EndProjectSection
EndProject
Project("{2150E333-8FDC-42A3-9474-1A3956D46DE8}") = "AddMockApiFunction", "AddMockApiFunction", "{FDD622D0-20E2-40F8-93A3-54234E5FA884}"
	ProjectSection(SolutionItems) = preProject
		AddMockApiFunction\function.json = AddMockApiFunction\function.json
		AddMockApiFunction\project.json = AddMockApiFunction\project.json
		AddMockApiFunction\run.csx = AddMockApiFunction\run.csx
	EndProjectSection
EndProject
Project("{2150E333-8FDC-42A3-9474-1A3956D46DE8}") = "GetMockApiCollectionFunction", "GetMockApiCollectionFunction", "{09F5C1FB-5461-4AC7-B561-A462409E1871}"
	ProjectSection(SolutionItems) = preProject
		GetMockApiCollectionFunction\function.json = GetMockApiCollectionFunction\function.json
		GetMockApiCollectionFunction\project.json = GetMockApiCollectionFunction\project.json
		GetMockApiCollectionFunction\run.csx = GetMockApiCollectionFunction\run.csx
	EndProjectSection
EndProject
Project("{FAE04EC0-301F-11D3-BF4B-00C04F79EFBC}") = "MabService.JsLanguageBinding", "MabService.JsLanguageBinding\MabService.JsLanguageBinding.csproj", "{4F7B12B4-9899-4050-B701-B030B2B7AA3C}"
EndProject
Global
	GlobalSection(SolutionConfigurationPlatforms) = preSolution
		Debug|Any CPU = Debug|Any CPU
		Debug|ARM = Debug|ARM
		Debug|x64 = Debug|x64
		Debug|x86 = Debug|x86
		Release|Any CPU = Release|Any CPU
		Release|ARM = Release|ARM
		Release|x64 = Release|x64
		Release|x86 = Release|x86
	EndGlobalSection
	GlobalSection(ProjectConfigurationPlatforms) = postSolution
		{002C2F6E-BF76-4038-9BA6-85009DE24927}.Debug|Any CPU.ActiveCfg = Debug|Any CPU
		{002C2F6E-BF76-4038-9BA6-85009DE24927}.Debug|Any CPU.Build.0 = Debug|Any CPU
		{002C2F6E-BF76-4038-9BA6-85009DE24927}.Debug|ARM.ActiveCfg = Debug|Any CPU
		{002C2F6E-BF76-4038-9BA6-85009DE24927}.Debug|ARM.Build.0 = Debug|Any CPU
		{002C2F6E-BF76-4038-9BA6-85009DE24927}.Debug|x64.ActiveCfg = Debug|Any CPU
		{002C2F6E-BF76-4038-9BA6-85009DE24927}.Debug|x64.Build.0 = Debug|Any CPU
		{002C2F6E-BF76-4038-9BA6-85009DE24927}.Debug|x86.ActiveCfg = Debug|Any CPU
		{002C2F6E-BF76-4038-9BA6-85009DE24927}.Debug|x86.Build.0 = Debug|Any CPU
		{002C2F6E-BF76-4038-9BA6-85009DE24927}.Release|Any CPU.ActiveCfg = Release|Any CPU
		{002C2F6E-BF76-4038-9BA6-85009DE24927}.Release|Any CPU.Build.0 = Release|Any CPU
		{002C2F6E-BF76-4038-9BA6-85009DE24927}.Release|ARM.ActiveCfg = Release|Any CPU
		{002C2F6E-BF76-4038-9BA6-85009DE24927}.Release|ARM.Build.0 = Release|Any CPU
		{002C2F6E-BF76-4038-9BA6-85009DE24927}.Release|x64.ActiveCfg = Release|Any CPU
		{002C2F6E-BF76-4038-9BA6-85009DE24927}.Release|x64.Build.0 = Release|Any CPU
		{002C2F6E-BF76-4038-9BA6-85009DE24927}.Release|x86.ActiveCfg = Release|Any CPU
		{002C2F6E-BF76-4038-9BA6-85009DE24927}.Release|x86.Build.0 = Release|Any CPU
		{97B23E77-D9B1-4FC4-B78E-DFE966F75626}.Debug|Any CPU.ActiveCfg = Debug|Any CPU
		{97B23E77-D9B1-4FC4-B78E-DFE966F75626}.Debug|Any CPU.Build.0 = Debug|Any CPU
		{97B23E77-D9B1-4FC4-B78E-DFE966F75626}.Debug|ARM.ActiveCfg = Debug|Any CPU
		{97B23E77-D9B1-4FC4-B78E-DFE966F75626}.Debug|ARM.Build.0 = Debug|Any CPU
		{97B23E77-D9B1-4FC4-B78E-DFE966F75626}.Debug|x64.ActiveCfg = Debug|Any CPU
		{97B23E77-D9B1-4FC4-B78E-DFE966F75626}.Debug|x64.Build.0 = Debug|Any CPU
		{97B23E77-D9B1-4FC4-B78E-DFE966F75626}.Debug|x86.ActiveCfg = Debug|Any CPU
		{97B23E77-D9B1-4FC4-B78E-DFE966F75626}.Debug|x86.Build.0 = Debug|Any CPU
		{97B23E77-D9B1-4FC4-B78E-DFE966F75626}.Release|Any CPU.ActiveCfg = Release|Any CPU
		{97B23E77-D9B1-4FC4-B78E-DFE966F75626}.Release|Any CPU.Build.0 = Release|Any CPU
		{97B23E77-D9B1-4FC4-B78E-DFE966F75626}.Release|ARM.ActiveCfg = Release|Any CPU
		{97B23E77-D9B1-4FC4-B78E-DFE966F75626}.Release|ARM.Build.0 = Release|Any CPU
		{97B23E77-D9B1-4FC4-B78E-DFE966F75626}.Release|x64.ActiveCfg = Release|Any CPU
		{97B23E77-D9B1-4FC4-B78E-DFE966F75626}.Release|x64.Build.0 = Release|Any CPU
		{97B23E77-D9B1-4FC4-B78E-DFE966F75626}.Release|x86.ActiveCfg = Release|Any CPU
		{97B23E77-D9B1-4FC4-B78E-DFE966F75626}.Release|x86.Build.0 = Release|Any CPU
		{F5CE3031-27D2-4CFF-86FB-A03088766501}.Debug|Any CPU.ActiveCfg = Debug|Any CPU
		{F5CE3031-27D2-4CFF-86FB-A03088766501}.Debug|Any CPU.Build.0 = Debug|Any CPU
		{F5CE3031-27D2-4CFF-86FB-A03088766501}.Debug|ARM.ActiveCfg = Debug|Any CPU
		{F5CE3031-27D2-4CFF-86FB-A03088766501}.Debug|ARM.Build.0 = Debug|Any CPU
		{F5CE3031-27D2-4CFF-86FB-A03088766501}.Debug|x64.ActiveCfg = Debug|Any CPU
		{F5CE3031-27D2-4CFF-86FB-A03088766501}.Debug|x64.Build.0 = Debug|Any CPU
		{F5CE3031-27D2-4CFF-86FB-A03088766501}.Debug|x86.ActiveCfg = Debug|Any CPU
		{F5CE3031-27D2-4CFF-86FB-A03088766501}.Debug|x86.Build.0 = Debug|Any CPU
		{F5CE3031-27D2-4CFF-86FB-A03088766501}.Release|Any CPU.ActiveCfg = Release|Any CPU
		{F5CE3031-27D2-4CFF-86FB-A03088766501}.Release|Any CPU.Build.0 = Release|Any CPU
		{F5CE3031-27D2-4CFF-86FB-A03088766501}.Release|ARM.ActiveCfg = Release|Any CPU
		{F5CE3031-27D2-4CFF-86FB-A03088766501}.Release|ARM.Build.0 = Release|Any CPU
		{F5CE3031-27D2-4CFF-86FB-A03088766501}.Release|x64.ActiveCfg = Release|Any CPU
		{F5CE3031-27D2-4CFF-86FB-A03088766501}.Release|x64.Build.0 = Release|Any CPU
		{F5CE3031-27D2-4CFF-86FB-A03088766501}.Release|x86.ActiveCfg = Release|Any CPU
		{F5CE3031-27D2-4CFF-86FB-A03088766501}.Release|x86.Build.0 = Release|Any CPU
		{4B2550C6-708F-46F4-A855-5D3634D11CD9}.Debug|Any CPU.ActiveCfg = Debug|Any CPU
		{4B2550C6-708F-46F4-A855-5D3634D11CD9}.Debug|Any CPU.Build.0 = Debug|Any CPU
		{4B2550C6-708F-46F4-A855-5D3634D11CD9}.Debug|ARM.ActiveCfg = Debug|Any CPU
		{4B2550C6-708F-46F4-A855-5D3634D11CD9}.Debug|ARM.Build.0 = Debug|Any CPU
		{4B2550C6-708F-46F4-A855-5D3634D11CD9}.Debug|x64.ActiveCfg = Debug|Any CPU
		{4B2550C6-708F-46F4-A855-5D3634D11CD9}.Debug|x64.Build.0 = Debug|Any CPU
		{4B2550C6-708F-46F4-A855-5D3634D11CD9}.Debug|x86.ActiveCfg = Debug|Any CPU
		{4B2550C6-708F-46F4-A855-5D3634D11CD9}.Debug|x86.Build.0 = Debug|Any CPU
		{4B2550C6-708F-46F4-A855-5D3634D11CD9}.Release|Any CPU.ActiveCfg = Release|Any CPU
		{4B2550C6-708F-46F4-A855-5D3634D11CD9}.Release|Any CPU.Build.0 = Release|Any CPU
		{4B2550C6-708F-46F4-A855-5D3634D11CD9}.Release|ARM.ActiveCfg = Release|Any CPU
		{4B2550C6-708F-46F4-A855-5D3634D11CD9}.Release|ARM.Build.0 = Release|Any CPU
		{4B2550C6-708F-46F4-A855-5D3634D11CD9}.Release|x64.ActiveCfg = Release|Any CPU
		{4B2550C6-708F-46F4-A855-5D3634D11CD9}.Release|x64.Build.0 = Release|Any CPU
		{4B2550C6-708F-46F4-A855-5D3634D11CD9}.Release|x86.ActiveCfg = Release|Any CPU
		{4B2550C6-708F-46F4-A855-5D3634D11CD9}.Release|x86.Build.0 = Release|Any CPU
		{6615A29B-3592-4734-977B-B6A975BA5945}.Debug|Any CPU.ActiveCfg = Debug|Any CPU
		{6615A29B-3592-4734-977B-B6A975BA5945}.Debug|Any CPU.Build.0 = Debug|Any CPU
		{6615A29B-3592-4734-977B-B6A975BA5945}.Debug|ARM.ActiveCfg = Debug|Any CPU
		{6615A29B-3592-4734-977B-B6A975BA5945}.Debug|ARM.Build.0 = Debug|Any CPU
		{6615A29B-3592-4734-977B-B6A975BA5945}.Debug|x64.ActiveCfg = Debug|Any CPU
		{6615A29B-3592-4734-977B-B6A975BA5945}.Debug|x64.Build.0 = Debug|Any CPU
		{6615A29B-3592-4734-977B-B6A975BA5945}.Debug|x86.ActiveCfg = Debug|Any CPU
		{6615A29B-3592-4734-977B-B6A975BA5945}.Debug|x86.Build.0 = Debug|Any CPU
		{6615A29B-3592-4734-977B-B6A975BA5945}.Release|Any CPU.ActiveCfg = Release|Any CPU
		{6615A29B-3592-4734-977B-B6A975BA5945}.Release|Any CPU.Build.0 = Release|Any CPU
		{6615A29B-3592-4734-977B-B6A975BA5945}.Release|ARM.ActiveCfg = Release|Any CPU
		{6615A29B-3592-4734-977B-B6A975BA5945}.Release|ARM.Build.0 = Release|Any CPU
		{6615A29B-3592-4734-977B-B6A975BA5945}.Release|x64.ActiveCfg = Release|Any CPU
		{6615A29B-3592-4734-977B-B6A975BA5945}.Release|x64.Build.0 = Release|Any CPU
		{6615A29B-3592-4734-977B-B6A975BA5945}.Release|x86.ActiveCfg = Release|Any CPU
		{6615A29B-3592-4734-977B-B6A975BA5945}.Release|x86.Build.0 = Release|Any CPU
		{4F7B12B4-9899-4050-B701-B030B2B7AA3C}.Debug|Any CPU.ActiveCfg = Debug|Any CPU
		{4F7B12B4-9899-4050-B701-B030B2B7AA3C}.Debug|Any CPU.Build.0 = Debug|Any CPU
		{4F7B12B4-9899-4050-B701-B030B2B7AA3C}.Debug|ARM.ActiveCfg = Debug|Any CPU
		{4F7B12B4-9899-4050-B701-B030B2B7AA3C}.Debug|ARM.Build.0 = Debug|Any CPU
		{4F7B12B4-9899-4050-B701-B030B2B7AA3C}.Debug|x64.ActiveCfg = Debug|Any CPU
		{4F7B12B4-9899-4050-B701-B030B2B7AA3C}.Debug|x64.Build.0 = Debug|Any CPU
		{4F7B12B4-9899-4050-B701-B030B2B7AA3C}.Debug|x86.ActiveCfg = Debug|Any CPU
		{4F7B12B4-9899-4050-B701-B030B2B7AA3C}.Debug|x86.Build.0 = Debug|Any CPU
		{4F7B12B4-9899-4050-B701-B030B2B7AA3C}.Release|Any CPU.ActiveCfg = Release|Any CPU
		{4F7B12B4-9899-4050-B701-B030B2B7AA3C}.Release|Any CPU.Build.0 = Release|Any CPU
		{4F7B12B4-9899-4050-B701-B030B2B7AA3C}.Release|ARM.ActiveCfg = Release|Any CPU
		{4F7B12B4-9899-4050-B701-B030B2B7AA3C}.Release|ARM.Build.0 = Release|Any CPU
		{4F7B12B4-9899-4050-B701-B030B2B7AA3C}.Release|x64.ActiveCfg = Release|Any CPU
		{4F7B12B4-9899-4050-B701-B030B2B7AA3C}.Release|x64.Build.0 = Release|Any CPU
		{4F7B12B4-9899-4050-B701-B030B2B7AA3C}.Release|x86.ActiveCfg = Release|Any CPU
		{4F7B12B4-9899-4050-B701-B030B2B7AA3C}.Release|x86.Build.0 = Release|Any CPU
	EndGlobalSection
	GlobalSection(SolutionProperties) = preSolution
		HideSolutionNode = FALSE
	EndGlobalSection
	GlobalSection(NestedProjects) = preSolution
		{6615A29B-3592-4734-977B-B6A975BA5945} = {38BA231A-1740-4155-A805-C8F54CBE92B0}
		{92428E82-FE08-4AA4-BEDB-23AFB07C94ED} = {76CF9621-D3F7-40A4-AE96-7C22B3C0DDF2}
		{FDD622D0-20E2-40F8-93A3-54234E5FA884} = {76CF9621-D3F7-40A4-AE96-7C22B3C0DDF2}
		{09F5C1FB-5461-4AC7-B561-A462409E1871} = {76CF9621-D3F7-40A4-AE96-7C22B3C0DDF2}
	EndGlobalSection
EndGlobal
